
Microsoft Visual Studio Solution File, Format Version 12.00
# Visual Studio Version 17
VisualStudioVersion = 17.5.002.0
MinimumVisualStudioVersion = 10.0.40219.1
Project("{9A19103F-16F7-4668-BE54-9A1E7A4F7556}") = "minimal-api", "minimal-api.csproj", "{9A68EE5A-F8A3-4149-B73B-5AF68BE68D83}"
EndProject
Global
	GlobalSection(SolutionConfigurationPlatforms) = preSolution
		Debug|Any CPU = Debug|Any CPU
		Release|Any CPU = Release|Any CPU
	EndGlobalSection
	GlobalSection(ProjectConfigurationPlatforms) = postSolution
		{9A68EE5A-F8A3-4149-B73B-5AF68BE68D83}.Debug|Any CPU.ActiveCfg = Debug|Any CPU
		{9A68EE5A-F8A3-4149-B73B-5AF68BE68D83}.Debug|Any CPU.Build.0 = Debug|Any CPU
		{9A68EE5A-F8A3-4149-B73B-5AF68BE68D83}.Release|Any CPU.ActiveCfg = Release|Any CPU
		{9A68EE5A-F8A3-4149-B73B-5AF68BE68D83}.Release|Any CPU.Build.0 = Release|Any CPU
	EndGlobalSection
	GlobalSection(SolutionProperties) = preSolution
		HideSolutionNode = FALSE
	EndGlobalSection
	GlobalSection(ExtensibilityGlobals) = postSolution
		SolutionGuid = {7C15A5FA-26F6-4507-B7DB-79322BAE767F}
	EndGlobalSection
EndGlobal
